
Microsoft Visual Studio Solution File, Format Version 12.00
# Visual Studio Version 17
VisualStudioVersion = 17.13.35919.96 d17.13
MinimumVisualStudioVersion = 10.0.40219.1
Project("{FAE04EC0-301F-11D3-BF4B-00C04F79EFBC}") = "Assignment-6.2_2", "Assignment-6.2_2.csproj", "{DDDF038D-C8B4-4CD8-8E0C-6488533FB665}"
EndProject
Global
	GlobalSection(SolutionConfigurationPlatforms) = preSolution
		Debug|Any CPU = Debug|Any CPU
		Release|Any CPU = Release|Any CPU
	EndGlobalSection
	GlobalSection(ProjectConfigurationPlatforms) = postSolution
		{DDDF038D-C8B4-4CD8-8E0C-6488533FB665}.Debug|Any CPU.ActiveCfg = Debug|Any CPU
		{DDDF038D-C8B4-4CD8-8E0C-6488533FB665}.Debug|Any CPU.Build.0 = Debug|Any CPU
		{DDDF038D-C8B4-4CD8-8E0C-6488533FB665}.Release|Any CPU.ActiveCfg = Release|Any CPU
		{DDDF038D-C8B4-4CD8-8E0C-6488533FB665}.Release|Any CPU.Build.0 = Release|Any CPU
	EndGlobalSection
	GlobalSection(SolutionProperties) = preSolution
		HideSolutionNode = FALSE
	EndGlobalSection
	GlobalSection(ExtensibilityGlobals) = postSolution
		SolutionGuid = {78A3E16B-9583-464F-BBC1-085B667EADC0}
	EndGlobalSection
EndGlobal
